{
  "name": "axe-matchers",
  "requires": true,
  "lockfileVersion": 1,
  "dependencies": {
    "axe-core": {
      "version": "3.1.1",
      "resolved": "https://registry.npmjs.org/axe-core/-/axe-core-3.1.1.tgz",
      "integrity": "sha512-5/JPwRqOMDnEqonolatT9/i+aOTYCpTEHR4rqmYjWRn+oiZdRHbYv8MC+HNLEtP0I3mkC3glAF8fRkfKHrUOtw=="
    }
  }
}
