{
  "name": "axe-matchers",
  "version": "2.3.0",
  "lockfileVersion": 1,
  "requires": true,
  "dependencies": {
    "axe-core": {
      "version": "3.2.1",
      "resolved": "https://registry.npmjs.org/axe-core/-/axe-core-3.2.1.tgz",
      "integrity": "sha512-XNT38eGeeBkY1y65PuEkSOyAypBo1jk07w0OGj0SJB0/z4JFWY4ep0wVitXjNVArb2M7YI4ooxp4Y/SzDZs45g=="
    }
  }
}
