{
  "name": "axe-matchers",
  "requires": true,
  "lockfileVersion": 1,
  "dependencies": {
    "axe-core": {
      "version": "3.0.1",
      "resolved": "https://agora.dequecloud.com/artifactory/api/npm/attest-virtual/axe-core/-/axe-core-3.0.1.tgz",
      "integrity": "sha1-WiXaAhOeHYr9NTpJmCJFfk6ukQo="
    }
  }
}
