{
  "name": "axe-core-api",
  "lockfileVersion": 2,
  "requires": true,
  "packages": {
    "": {
      "name": "axe-core-api",
      "license": "MPL-2.0",
      "dependencies": {
        "axe-core": "^4.5.1"
      }
    },
    "node_modules/axe-core": {
      "version": "4.5.1",
      "resolved": "https://registry.npmjs.org/axe-core/-/axe-core-4.5.1.tgz",
      "integrity": "sha512-1exVbW0X1O/HSr/WMwnaweyqcWOgZgLiVxdLG34pvSQk4NlYQr9OUy0JLwuhFfuVNQzzqgH57eYzkFBCb3bIsQ==",
      "engines": {
        "node": ">=4"
      }
    }
  },
  "dependencies": {
    "axe-core": {
      "version": "4.5.1",
      "resolved": "https://registry.npmjs.org/axe-core/-/axe-core-4.5.1.tgz",
      "integrity": "sha512-1exVbW0X1O/HSr/WMwnaweyqcWOgZgLiVxdLG34pvSQk4NlYQr9OUy0JLwuhFfuVNQzzqgH57eYzkFBCb3bIsQ=="
    }
  }
}
