{
  "name": "axe-core-api",
  "lockfileVersion": 2,
  "requires": true,
  "packages": {
    "": {
      "name": "axe-core-api",
      "license": "MPL-2.0",
      "dependencies": {
        "axe-core": "^4.6.0"
      }
    },
    "node_modules/axe-core": {
      "version": "4.6.0",
      "resolved": "https://registry.npmjs.org/axe-core/-/axe-core-4.6.0.tgz",
      "integrity": "sha512-L3ZNbXPTxMrl0+qTXAzn9FBRvk5XdO56K8CvcCKtlxv44Aw2w2NCclGuvCWxHPw1Riiq3ncP/sxFYj2nUqdoTw==",
      "engines": {
        "node": ">=4"
      }
    }
  },
  "dependencies": {
    "axe-core": {
      "version": "4.6.0",
      "resolved": "https://registry.npmjs.org/axe-core/-/axe-core-4.6.0.tgz",
      "integrity": "sha512-L3ZNbXPTxMrl0+qTXAzn9FBRvk5XdO56K8CvcCKtlxv44Aw2w2NCclGuvCWxHPw1Riiq3ncP/sxFYj2nUqdoTw=="
    }
  }
}
