{
  "name": "axe-core-api",
  "requires": true,
  "lockfileVersion": 1,
  "dependencies": {
    "axe-core": {
      "version": "4.3.5",
      "resolved": "https://registry.npmjs.org/axe-core/-/axe-core-4.3.5.tgz",
      "integrity": "sha512-WKTW1+xAzhMS5dJsxWkliixlO/PqC4VhmO9T4juNYcaTg9jzWiJsou6m5pxWYGfigWbwzJWeFY6z47a+4neRXA=="
    }
  }
}
